
Microsoft Visual Studio Solution File, Format Version 12.00
# Visual Studio 14
VisualStudioVersion = 14.0.24720.0
MinimumVisualStudioVersion = 10.0.40219.1
Project("{FAE04EC0-301F-11D3-BF4B-00C04F79EFBC}") = "UrlShrinker", "UrlShrinker\UrlShrinker.csproj", "{96AD7BE1-AFD7-4F73-BDCC-823B82779F8E}"
EndProject
Project("{FAE04EC0-301F-11D3-BF4B-00C04F79EFBC}") = "UrlShrinker.Tests", "UrlShrinker.Tests\UrlShrinker.Tests.csproj", "{072333E4-4269-4606-A514-8C03035849D1}"
EndProject
Global
	GlobalSection(SolutionConfigurationPlatforms) = preSolution
		Debug|Any CPU = Debug|Any CPU
		Release|Any CPU = Release|Any CPU
	EndGlobalSection
	GlobalSection(ProjectConfigurationPlatforms) = postSolution
		{96AD7BE1-AFD7-4F73-BDCC-823B82779F8E}.Debug|Any CPU.ActiveCfg = Debug|Any CPU
		{96AD7BE1-AFD7-4F73-BDCC-823B82779F8E}.Debug|Any CPU.Build.0 = Debug|Any CPU
		{96AD7BE1-AFD7-4F73-BDCC-823B82779F8E}.Release|Any CPU.ActiveCfg = Release|Any CPU
		{96AD7BE1-AFD7-4F73-BDCC-823B82779F8E}.Release|Any CPU.Build.0 = Release|Any CPU
		{072333E4-4269-4606-A514-8C03035849D1}.Debug|Any CPU.ActiveCfg = Debug|Any CPU
		{072333E4-4269-4606-A514-8C03035849D1}.Debug|Any CPU.Build.0 = Debug|Any CPU
		{072333E4-4269-4606-A514-8C03035849D1}.Release|Any CPU.ActiveCfg = Release|Any CPU
		{072333E4-4269-4606-A514-8C03035849D1}.Release|Any CPU.Build.0 = Release|Any CPU
	EndGlobalSection
	GlobalSection(SolutionProperties) = preSolution
		HideSolutionNode = FALSE
	EndGlobalSection
EndGlobal
